{
  "requires": true,
  "lockfileVersion": 1,
  "dependencies": {
    "@heroicons/react": {
      "version": "1.0.4",
      "resolved": "https://registry.npmjs.org/@heroicons/react/-/react-1.0.4.tgz",
      "integrity": "sha512-3kOrTmo8+Z8o6AL0rzN82MOf8J5CuxhRLFhpI8mrn+3OqekA6d5eb1GYO3EYYo1Vn6mYQSMNTzCWbEwUInb0cQ=="
    },
    "tailwind-scrollbar-hide": {
      "version": "1.0.3",
      "resolved": "https://registry.npmjs.org/tailwind-scrollbar-hide/-/tailwind-scrollbar-hide-1.0.3.tgz",
      "integrity": "sha512-BF+ITR3cJFFF8IP1B6snlZtwSJxwWIB030LX9ZGEITBfWiqn1V4rEJUF44HJH5w6hZBrqSlwJdhILya8OvWefg=="
    }
  }
}
